
Microsoft Visual Studio Solution File, Format Version 12.00
# Visual Studio Version 17
VisualStudioVersion = 17.10.34607.79
MinimumVisualStudioVersion = 10.0.40219.1
Project("{9A19103F-16F7-4668-BE54-9A1E7A4F7556}") = "HW01_01", "HW01_01\HW01_01.csproj", "{EFF7AC69-5541-4E29-9FD0-831014ACC248}"
EndProject
Project("{9A19103F-16F7-4668-BE54-9A1E7A4F7556}") = "ConsoleHelpers", "ConsoleHelpers\ConsoleHelpers.csproj", "{1EFFE3A5-3E9A-453E-A4EE-E1D8BE76C648}"
EndProject
Project("{2150E333-8FDC-42A3-9474-1A3956D46DE8}") = "HW01", "HW01", "{1B32FBB1-09C4-42C9-9C59-14F0215974C9}"
EndProject
Project("{2150E333-8FDC-42A3-9474-1A3956D46DE8}") = "Other", "Other", "{6EC63871-086F-4A3E-A920-96525AF1E073}"
EndProject
Global
	GlobalSection(SolutionConfigurationPlatforms) = preSolution
		Debug|Any CPU = Debug|Any CPU
		Release|Any CPU = Release|Any CPU
	EndGlobalSection
	GlobalSection(ProjectConfigurationPlatforms) = postSolution
		{EFF7AC69-5541-4E29-9FD0-831014ACC248}.Debug|Any CPU.ActiveCfg = Debug|Any CPU
		{EFF7AC69-5541-4E29-9FD0-831014ACC248}.Debug|Any CPU.Build.0 = Debug|Any CPU
		{EFF7AC69-5541-4E29-9FD0-831014ACC248}.Release|Any CPU.ActiveCfg = Release|Any CPU
		{EFF7AC69-5541-4E29-9FD0-831014ACC248}.Release|Any CPU.Build.0 = Release|Any CPU
		{1EFFE3A5-3E9A-453E-A4EE-E1D8BE76C648}.Debug|Any CPU.ActiveCfg = Debug|Any CPU
		{1EFFE3A5-3E9A-453E-A4EE-E1D8BE76C648}.Debug|Any CPU.Build.0 = Debug|Any CPU
		{1EFFE3A5-3E9A-453E-A4EE-E1D8BE76C648}.Release|Any CPU.ActiveCfg = Release|Any CPU
		{1EFFE3A5-3E9A-453E-A4EE-E1D8BE76C648}.Release|Any CPU.Build.0 = Release|Any CPU
	EndGlobalSection
	GlobalSection(SolutionProperties) = preSolution
		HideSolutionNode = FALSE
	EndGlobalSection
	GlobalSection(NestedProjects) = preSolution
		{EFF7AC69-5541-4E29-9FD0-831014ACC248} = {1B32FBB1-09C4-42C9-9C59-14F0215974C9}
		{1EFFE3A5-3E9A-453E-A4EE-E1D8BE76C648} = {6EC63871-086F-4A3E-A920-96525AF1E073}
	EndGlobalSection
	GlobalSection(ExtensibilityGlobals) = postSolution
		SolutionGuid = {57CEC84A-4A6F-4CE3-9786-DA0F0F9265F8}
	EndGlobalSection
EndGlobal
