
Microsoft Visual Studio Solution File, Format Version 12.00
# Visual Studio Version 17
VisualStudioVersion = 17.10.34607.79
MinimumVisualStudioVersion = 10.0.40219.1
Project("{2150E333-8FDC-42A3-9474-1A3956D46DE8}") = "HW01 • IntroductionInDotNet", "HW01 • IntroductionInDotNet", "{1B32FBB1-09C4-42C9-9C59-14F0215974C9}"
EndProject
Project("{2150E333-8FDC-42A3-9474-1A3956D46DE8}") = "_Learning", "_Learning", "{6EC63871-086F-4A3E-A920-96525AF1E073}"
	ProjectSection(SolutionItems) = preProject
		_Learning\README.md = _Learning\README.md
	EndProjectSection
EndProject
Project("{2150E333-8FDC-42A3-9474-1A3956D46DE8}") = "HW02 • MultithreadingAndTPL", "HW02 • MultithreadingAndTPL", "{1EB073E8-678D-4D21-9E5A-3F5C23A096C1}"
EndProject
Project("{2150E333-8FDC-42A3-9474-1A3956D46DE8}") = "HW04 • REST API", "HW04 • REST API", "{B737A107-5B44-44A6-B750-9E49A4E55856}"
	ProjectSection(SolutionItems) = preProject
		HW04\readme.md = HW04\readme.md
	EndProjectSection
EndProject
Project("{2150E333-8FDC-42A3-9474-1A3956D46DE8}") = "HW05 • OnionAndMediatR", "HW05 • OnionAndMediatR", "{437C6FE3-F3F9-47F3-9612-2A7DFF9D1D38}"
	ProjectSection(SolutionItems) = preProject
		HW05\Readme.md = HW05\Readme.md
	EndProjectSection
EndProject
Project("{2150E333-8FDC-42A3-9474-1A3956D46DE8}") = "Core", "Core", "{DEF0ED05-7D1E-4753-93D7-BFB2B9D4ADE6}"
EndProject
Project("{2150E333-8FDC-42A3-9474-1A3956D46DE8}") = "Infrastructure", "Infrastructure", "{44A4B253-2A65-4F92-B34E-DC9215C9D8E0}"
EndProject
Project("{2150E333-8FDC-42A3-9474-1A3956D46DE8}") = "Presentation", "Presentation", "{D6933A66-76C5-418A-9BFB-3F82619A2A83}"
EndProject
Project("{9A19103F-16F7-4668-BE54-9A1E7A4F7556}") = "HW01_01", "HW01\HW01_01\HW01_01.csproj", "{C33E9A77-55C5-42FB-803E-26F90E46A46A}"
EndProject
Project("{9A19103F-16F7-4668-BE54-9A1E7A4F7556}") = "HW01_02", "HW01\HW01_02\HW01_02.csproj", "{417E77DC-DA7F-4280-AFC6-83AF39BD0236}"
EndProject
Project("{9A19103F-16F7-4668-BE54-9A1E7A4F7556}") = "HW01_03", "HW01\HW01_03\HW01_03.csproj", "{29F12560-E60D-441E-AF2A-C6F56F64D119}"
EndProject
Project("{9A19103F-16F7-4668-BE54-9A1E7A4F7556}") = "HW01_04", "HW01\HW01_04\HW01_04.csproj", "{2ACF620A-34DB-4634-B109-616E6F8A4DE1}"
EndProject
Project("{9A19103F-16F7-4668-BE54-9A1E7A4F7556}") = "HW01_05", "HW01\HW01_05\HW01_05.csproj", "{8E43BEA6-DF51-4CAE-8E35-2DC643905DD6}"
EndProject
Project("{9A19103F-16F7-4668-BE54-9A1E7A4F7556}") = "HW04.Store.Api", "HW04\Store.Api\HW04.Store.Api.csproj", "{6546AEC4-14C8-4D83-84F3-EB37F2415FDF}"
EndProject
Project("{9A19103F-16F7-4668-BE54-9A1E7A4F7556}") = "HW04.Store.Contract", "HW04\Store.Contract\HW04.Store.Contract.csproj", "{673D45D2-91EB-4DB4-B81E-D6DAD0113089}"
EndProject
Project("{9A19103F-16F7-4668-BE54-9A1E7A4F7556}") = "HW04.Store.Data", "HW04\Store.Data\HW04.Store.Data.csproj", "{D082BC9F-2D0E-4EA7-AE65-511E57D3ABAB}"
EndProject
Project("{9A19103F-16F7-4668-BE54-9A1E7A4F7556}") = "HW04.Store.Service", "HW04\Store.Service\HW04.Store.Service.csproj", "{06196300-E8AD-4EB4-B861-7450D0B24596}"
EndProject
Project("{9A19103F-16F7-4668-BE54-9A1E7A4F7556}") = "HW05.MovieManager.WebApi", "HW05\HW05.MovieManager.WebApi\HW05.MovieManager.WebApi.csproj", "{25351541-372D-4BFC-B55E-DE890EFA3884}"
EndProject
Project("{9A19103F-16F7-4668-BE54-9A1E7A4F7556}") = "HW05.MovieManager.Application", "HW05\HW05.MovieManager.Application\HW05.MovieManager.Application.csproj", "{736FC38E-0671-46F0-86DA-CA38A6DA9547}"
EndProject
Project("{9A19103F-16F7-4668-BE54-9A1E7A4F7556}") = "HW05.MovieManager.Domain", "HW05\HW05.MovieManager.Domain\HW05.MovieManager.Domain.csproj", "{1FD98217-1C58-4D1E-9A48-9795EAE447FC}"
EndProject
Project("{9A19103F-16F7-4668-BE54-9A1E7A4F7556}") = "HW05.MovieManager.Persistence", "HW05\HW05.MovieManager.Persistence\HW05.MovieManager.Persistence.csproj", "{C88159D5-B35B-49B0-BFBC-725EBAD29109}"
EndProject
Project("{9A19103F-16F7-4668-BE54-9A1E7A4F7556}") = "HW02_01", "HW02\HW02_01.csproj", "{BC0704DE-0ED2-4344-8D51-C27DFE36B1BC}"
EndProject
Project("{2150E333-8FDC-42A3-9474-1A3956D46DE8}") = "Solution Items", "Solution Items", "{3FDDD09D-2512-458B-8B14-27E224EC37B5}"
	ProjectSection(SolutionItems) = preProject
		README.md = README.md
	EndProjectSection
EndProject
Project("{2150E333-8FDC-42A3-9474-1A3956D46DE8}") = "01", "01", "{EE6C3ECB-8C90-436D-81B2-D29CC0CC72AF}"
	ProjectSection(SolutionItems) = preProject
		_Learning\Materials\01\README.md = _Learning\Materials\01\README.md
	EndProjectSection
EndProject
Project("{2150E333-8FDC-42A3-9474-1A3956D46DE8}") = "02", "02", "{8F9E6F44-6335-413A-8C2C-39054CCD5064}"
	ProjectSection(SolutionItems) = preProject
		_Learning\Materials\02\README.md = _Learning\Materials\02\README.md
	EndProjectSection
EndProject
Project("{2150E333-8FDC-42A3-9474-1A3956D46DE8}") = "03", "03", "{13612CB0-CC53-4B28-AA42-578CCF5AC64E}"
	ProjectSection(SolutionItems) = preProject
		_Learning\Materials\03\README.md = _Learning\Materials\03\README.md
	EndProjectSection
EndProject
Project("{2150E333-8FDC-42A3-9474-1A3956D46DE8}") = "04", "04", "{045DF7D7-9087-488D-A05B-8BE7EB905E54}"
	ProjectSection(SolutionItems) = preProject
		_Learning\Materials\04\README.md = _Learning\Materials\04\README.md
	EndProjectSection
EndProject
Project("{2150E333-8FDC-42A3-9474-1A3956D46DE8}") = "05", "05", "{A3A49B7D-E15C-468F-B384-DE091A9DFB87}"
	ProjectSection(SolutionItems) = preProject
		_Learning\Materials\05\README.md = _Learning\Materials\05\README.md
	EndProjectSection
EndProject
Project("{2150E333-8FDC-42A3-9474-1A3956D46DE8}") = "06", "06", "{C0E99C08-D5FC-4E40-A3BC-0332E48F3875}"
	ProjectSection(SolutionItems) = preProject
		_Learning\Materials\06\README.md = _Learning\Materials\06\README.md
	EndProjectSection
EndProject
Project("{2150E333-8FDC-42A3-9474-1A3956D46DE8}") = "07", "07", "{CF958307-F415-4434-A869-352416FB5594}"
	ProjectSection(SolutionItems) = preProject
		_Learning\Materials\07\README.md = _Learning\Materials\07\README.md
	EndProjectSection
EndProject
Project("{2150E333-8FDC-42A3-9474-1A3956D46DE8}") = "08", "08", "{53832539-B9D7-4F62-90B5-727D8929B984}"
	ProjectSection(SolutionItems) = preProject
		_Learning\Materials\08\README.md = _Learning\Materials\08\README.md
	EndProjectSection
EndProject
Project("{2150E333-8FDC-42A3-9474-1A3956D46DE8}") = "09", "09", "{CDF92DD0-2001-4BE0-812E-D0CB169BCADB}"
	ProjectSection(SolutionItems) = preProject
		_Learning\Materials\09\README.md = _Learning\Materials\09\README.md
	EndProjectSection
EndProject
Project("{2150E333-8FDC-42A3-9474-1A3956D46DE8}") = "00 • TODO", "00 • TODO", "{27204F9B-89BF-48C5-9E44-1B6247046EEE}"
	ProjectSection(SolutionItems) = preProject
		_Learning\Materials\00 • TODO\README.md = _Learning\Materials\00 • TODO\README.md
	EndProjectSection
EndProject
Global
	GlobalSection(SolutionConfigurationPlatforms) = preSolution
		Debug|Any CPU = Debug|Any CPU
		Release|Any CPU = Release|Any CPU
	EndGlobalSection
	GlobalSection(ProjectConfigurationPlatforms) = postSolution
		{C33E9A77-55C5-42FB-803E-26F90E46A46A}.Debug|Any CPU.ActiveCfg = Debug|Any CPU
		{C33E9A77-55C5-42FB-803E-26F90E46A46A}.Debug|Any CPU.Build.0 = Debug|Any CPU
		{C33E9A77-55C5-42FB-803E-26F90E46A46A}.Release|Any CPU.ActiveCfg = Release|Any CPU
		{C33E9A77-55C5-42FB-803E-26F90E46A46A}.Release|Any CPU.Build.0 = Release|Any CPU
		{417E77DC-DA7F-4280-AFC6-83AF39BD0236}.Debug|Any CPU.ActiveCfg = Debug|Any CPU
		{417E77DC-DA7F-4280-AFC6-83AF39BD0236}.Debug|Any CPU.Build.0 = Debug|Any CPU
		{417E77DC-DA7F-4280-AFC6-83AF39BD0236}.Release|Any CPU.ActiveCfg = Release|Any CPU
		{417E77DC-DA7F-4280-AFC6-83AF39BD0236}.Release|Any CPU.Build.0 = Release|Any CPU
		{29F12560-E60D-441E-AF2A-C6F56F64D119}.Debug|Any CPU.ActiveCfg = Debug|Any CPU
		{29F12560-E60D-441E-AF2A-C6F56F64D119}.Debug|Any CPU.Build.0 = Debug|Any CPU
		{29F12560-E60D-441E-AF2A-C6F56F64D119}.Release|Any CPU.ActiveCfg = Release|Any CPU
		{29F12560-E60D-441E-AF2A-C6F56F64D119}.Release|Any CPU.Build.0 = Release|Any CPU
		{2ACF620A-34DB-4634-B109-616E6F8A4DE1}.Debug|Any CPU.ActiveCfg = Debug|Any CPU
		{2ACF620A-34DB-4634-B109-616E6F8A4DE1}.Debug|Any CPU.Build.0 = Debug|Any CPU
		{2ACF620A-34DB-4634-B109-616E6F8A4DE1}.Release|Any CPU.ActiveCfg = Release|Any CPU
		{2ACF620A-34DB-4634-B109-616E6F8A4DE1}.Release|Any CPU.Build.0 = Release|Any CPU
		{8E43BEA6-DF51-4CAE-8E35-2DC643905DD6}.Debug|Any CPU.ActiveCfg = Debug|Any CPU
		{8E43BEA6-DF51-4CAE-8E35-2DC643905DD6}.Debug|Any CPU.Build.0 = Debug|Any CPU
		{8E43BEA6-DF51-4CAE-8E35-2DC643905DD6}.Release|Any CPU.ActiveCfg = Release|Any CPU
		{8E43BEA6-DF51-4CAE-8E35-2DC643905DD6}.Release|Any CPU.Build.0 = Release|Any CPU
		{6546AEC4-14C8-4D83-84F3-EB37F2415FDF}.Debug|Any CPU.ActiveCfg = Debug|Any CPU
		{6546AEC4-14C8-4D83-84F3-EB37F2415FDF}.Debug|Any CPU.Build.0 = Debug|Any CPU
		{6546AEC4-14C8-4D83-84F3-EB37F2415FDF}.Release|Any CPU.ActiveCfg = Release|Any CPU
		{6546AEC4-14C8-4D83-84F3-EB37F2415FDF}.Release|Any CPU.Build.0 = Release|Any CPU
		{673D45D2-91EB-4DB4-B81E-D6DAD0113089}.Debug|Any CPU.ActiveCfg = Debug|Any CPU
		{673D45D2-91EB-4DB4-B81E-D6DAD0113089}.Debug|Any CPU.Build.0 = Debug|Any CPU
		{673D45D2-91EB-4DB4-B81E-D6DAD0113089}.Release|Any CPU.ActiveCfg = Release|Any CPU
		{673D45D2-91EB-4DB4-B81E-D6DAD0113089}.Release|Any CPU.Build.0 = Release|Any CPU
		{D082BC9F-2D0E-4EA7-AE65-511E57D3ABAB}.Debug|Any CPU.ActiveCfg = Debug|Any CPU
		{D082BC9F-2D0E-4EA7-AE65-511E57D3ABAB}.Debug|Any CPU.Build.0 = Debug|Any CPU
		{D082BC9F-2D0E-4EA7-AE65-511E57D3ABAB}.Release|Any CPU.ActiveCfg = Release|Any CPU
		{D082BC9F-2D0E-4EA7-AE65-511E57D3ABAB}.Release|Any CPU.Build.0 = Release|Any CPU
		{06196300-E8AD-4EB4-B861-7450D0B24596}.Debug|Any CPU.ActiveCfg = Debug|Any CPU
		{06196300-E8AD-4EB4-B861-7450D0B24596}.Debug|Any CPU.Build.0 = Debug|Any CPU
		{06196300-E8AD-4EB4-B861-7450D0B24596}.Release|Any CPU.ActiveCfg = Release|Any CPU
		{06196300-E8AD-4EB4-B861-7450D0B24596}.Release|Any CPU.Build.0 = Release|Any CPU
		{25351541-372D-4BFC-B55E-DE890EFA3884}.Debug|Any CPU.ActiveCfg = Debug|Any CPU
		{25351541-372D-4BFC-B55E-DE890EFA3884}.Debug|Any CPU.Build.0 = Debug|Any CPU
		{25351541-372D-4BFC-B55E-DE890EFA3884}.Release|Any CPU.ActiveCfg = Release|Any CPU
		{25351541-372D-4BFC-B55E-DE890EFA3884}.Release|Any CPU.Build.0 = Release|Any CPU
		{736FC38E-0671-46F0-86DA-CA38A6DA9547}.Debug|Any CPU.ActiveCfg = Debug|Any CPU
		{736FC38E-0671-46F0-86DA-CA38A6DA9547}.Debug|Any CPU.Build.0 = Debug|Any CPU
		{736FC38E-0671-46F0-86DA-CA38A6DA9547}.Release|Any CPU.ActiveCfg = Release|Any CPU
		{736FC38E-0671-46F0-86DA-CA38A6DA9547}.Release|Any CPU.Build.0 = Release|Any CPU
		{1FD98217-1C58-4D1E-9A48-9795EAE447FC}.Debug|Any CPU.ActiveCfg = Debug|Any CPU
		{1FD98217-1C58-4D1E-9A48-9795EAE447FC}.Debug|Any CPU.Build.0 = Debug|Any CPU
		{1FD98217-1C58-4D1E-9A48-9795EAE447FC}.Release|Any CPU.ActiveCfg = Release|Any CPU
		{1FD98217-1C58-4D1E-9A48-9795EAE447FC}.Release|Any CPU.Build.0 = Release|Any CPU
		{C88159D5-B35B-49B0-BFBC-725EBAD29109}.Debug|Any CPU.ActiveCfg = Debug|Any CPU
		{C88159D5-B35B-49B0-BFBC-725EBAD29109}.Debug|Any CPU.Build.0 = Debug|Any CPU
		{C88159D5-B35B-49B0-BFBC-725EBAD29109}.Release|Any CPU.ActiveCfg = Release|Any CPU
		{C88159D5-B35B-49B0-BFBC-725EBAD29109}.Release|Any CPU.Build.0 = Release|Any CPU
		{BC0704DE-0ED2-4344-8D51-C27DFE36B1BC}.Debug|Any CPU.ActiveCfg = Debug|Any CPU
		{BC0704DE-0ED2-4344-8D51-C27DFE36B1BC}.Debug|Any CPU.Build.0 = Debug|Any CPU
		{BC0704DE-0ED2-4344-8D51-C27DFE36B1BC}.Release|Any CPU.ActiveCfg = Release|Any CPU
		{BC0704DE-0ED2-4344-8D51-C27DFE36B1BC}.Release|Any CPU.Build.0 = Release|Any CPU
	EndGlobalSection
	GlobalSection(SolutionProperties) = preSolution
		HideSolutionNode = FALSE
	EndGlobalSection
	GlobalSection(NestedProjects) = preSolution
		{DEF0ED05-7D1E-4753-93D7-BFB2B9D4ADE6} = {437C6FE3-F3F9-47F3-9612-2A7DFF9D1D38}
		{44A4B253-2A65-4F92-B34E-DC9215C9D8E0} = {437C6FE3-F3F9-47F3-9612-2A7DFF9D1D38}
		{D6933A66-76C5-418A-9BFB-3F82619A2A83} = {437C6FE3-F3F9-47F3-9612-2A7DFF9D1D38}
		{C33E9A77-55C5-42FB-803E-26F90E46A46A} = {1B32FBB1-09C4-42C9-9C59-14F0215974C9}
		{417E77DC-DA7F-4280-AFC6-83AF39BD0236} = {1B32FBB1-09C4-42C9-9C59-14F0215974C9}
		{29F12560-E60D-441E-AF2A-C6F56F64D119} = {1B32FBB1-09C4-42C9-9C59-14F0215974C9}
		{2ACF620A-34DB-4634-B109-616E6F8A4DE1} = {1B32FBB1-09C4-42C9-9C59-14F0215974C9}
		{8E43BEA6-DF51-4CAE-8E35-2DC643905DD6} = {1B32FBB1-09C4-42C9-9C59-14F0215974C9}
		{6546AEC4-14C8-4D83-84F3-EB37F2415FDF} = {B737A107-5B44-44A6-B750-9E49A4E55856}
		{673D45D2-91EB-4DB4-B81E-D6DAD0113089} = {B737A107-5B44-44A6-B750-9E49A4E55856}
		{D082BC9F-2D0E-4EA7-AE65-511E57D3ABAB} = {B737A107-5B44-44A6-B750-9E49A4E55856}
		{06196300-E8AD-4EB4-B861-7450D0B24596} = {B737A107-5B44-44A6-B750-9E49A4E55856}
		{25351541-372D-4BFC-B55E-DE890EFA3884} = {D6933A66-76C5-418A-9BFB-3F82619A2A83}
		{736FC38E-0671-46F0-86DA-CA38A6DA9547} = {DEF0ED05-7D1E-4753-93D7-BFB2B9D4ADE6}
		{1FD98217-1C58-4D1E-9A48-9795EAE447FC} = {DEF0ED05-7D1E-4753-93D7-BFB2B9D4ADE6}
		{C88159D5-B35B-49B0-BFBC-725EBAD29109} = {44A4B253-2A65-4F92-B34E-DC9215C9D8E0}
		{BC0704DE-0ED2-4344-8D51-C27DFE36B1BC} = {1EB073E8-678D-4D21-9E5A-3F5C23A096C1}
		{EE6C3ECB-8C90-436D-81B2-D29CC0CC72AF} = {6EC63871-086F-4A3E-A920-96525AF1E073}
		{8F9E6F44-6335-413A-8C2C-39054CCD5064} = {6EC63871-086F-4A3E-A920-96525AF1E073}
		{13612CB0-CC53-4B28-AA42-578CCF5AC64E} = {6EC63871-086F-4A3E-A920-96525AF1E073}
		{045DF7D7-9087-488D-A05B-8BE7EB905E54} = {6EC63871-086F-4A3E-A920-96525AF1E073}
		{A3A49B7D-E15C-468F-B384-DE091A9DFB87} = {6EC63871-086F-4A3E-A920-96525AF1E073}
		{C0E99C08-D5FC-4E40-A3BC-0332E48F3875} = {6EC63871-086F-4A3E-A920-96525AF1E073}
		{CF958307-F415-4434-A869-352416FB5594} = {6EC63871-086F-4A3E-A920-96525AF1E073}
		{53832539-B9D7-4F62-90B5-727D8929B984} = {6EC63871-086F-4A3E-A920-96525AF1E073}
		{CDF92DD0-2001-4BE0-812E-D0CB169BCADB} = {6EC63871-086F-4A3E-A920-96525AF1E073}
		{27204F9B-89BF-48C5-9E44-1B6247046EEE} = {6EC63871-086F-4A3E-A920-96525AF1E073}
	EndGlobalSection
	GlobalSection(ExtensibilityGlobals) = postSolution
		SolutionGuid = {57CEC84A-4A6F-4CE3-9786-DA0F0F9265F8}
	EndGlobalSection
EndGlobal
