
Microsoft Visual Studio Solution File, Format Version 12.00
# Visual Studio Version 17
VisualStudioVersion = 17.10.34607.79
MinimumVisualStudioVersion = 10.0.40219.1
Project("{2150E333-8FDC-42A3-9474-1A3956D46DE8}") = "HW01 • IntroductionInDotNet", "HW01 • IntroductionInDotNet", "{1B32FBB1-09C4-42C9-9C59-14F0215974C9}"
EndProject
Project("{2150E333-8FDC-42A3-9474-1A3956D46DE8}") = "COURSE", "COURSE", "{6EC63871-086F-4A3E-A920-96525AF1E073}"
	ProjectSection(SolutionItems) = preProject
		COURSE\README.md = COURSE\README.md
	EndProjectSection
EndProject
Project("{2150E333-8FDC-42A3-9474-1A3956D46DE8}") = "HW02 • MultithreadingAndTPL", "HW02 • MultithreadingAndTPL", "{1EB073E8-678D-4D21-9E5A-3F5C23A096C1}"
EndProject
Project("{2150E333-8FDC-42A3-9474-1A3956D46DE8}") = "HW04 • REST API", "HW04 • REST API", "{B737A107-5B44-44A6-B750-9E49A4E55856}"
	ProjectSection(SolutionItems) = preProject
		HW04\readme.md = HW04\readme.md
	EndProjectSection
EndProject
Project("{2150E333-8FDC-42A3-9474-1A3956D46DE8}") = "HW05 • OnionAndMediatR", "HW05 • OnionAndMediatR", "{437C6FE3-F3F9-47F3-9612-2A7DFF9D1D38}"
	ProjectSection(SolutionItems) = preProject
		HW05\Readme.md = HW05\Readme.md
	EndProjectSection
EndProject
Project("{2150E333-8FDC-42A3-9474-1A3956D46DE8}") = "Core", "Core", "{DEF0ED05-7D1E-4753-93D7-BFB2B9D4ADE6}"
EndProject
Project("{2150E333-8FDC-42A3-9474-1A3956D46DE8}") = "Infrastructure", "Infrastructure", "{44A4B253-2A65-4F92-B34E-DC9215C9D8E0}"
EndProject
Project("{2150E333-8FDC-42A3-9474-1A3956D46DE8}") = "Presentation", "Presentation", "{D6933A66-76C5-418A-9BFB-3F82619A2A83}"
EndProject
Project("{9A19103F-16F7-4668-BE54-9A1E7A4F7556}") = "HW01_01", "HW01\HW01_01\HW01_01.csproj", "{C33E9A77-55C5-42FB-803E-26F90E46A46A}"
EndProject
Project("{9A19103F-16F7-4668-BE54-9A1E7A4F7556}") = "HW01_02", "HW01\HW01_02\HW01_02.csproj", "{417E77DC-DA7F-4280-AFC6-83AF39BD0236}"
EndProject
Project("{9A19103F-16F7-4668-BE54-9A1E7A4F7556}") = "HW01_03", "HW01\HW01_03\HW01_03.csproj", "{29F12560-E60D-441E-AF2A-C6F56F64D119}"
EndProject
Project("{9A19103F-16F7-4668-BE54-9A1E7A4F7556}") = "HW01_04", "HW01\HW01_04\HW01_04.csproj", "{2ACF620A-34DB-4634-B109-616E6F8A4DE1}"
EndProject
Project("{9A19103F-16F7-4668-BE54-9A1E7A4F7556}") = "HW01_05", "HW01\HW01_05\HW01_05.csproj", "{8E43BEA6-DF51-4CAE-8E35-2DC643905DD6}"
EndProject
Project("{9A19103F-16F7-4668-BE54-9A1E7A4F7556}") = "HW04.Store.Api", "HW04\Store.Api\HW04.Store.Api.csproj", "{6546AEC4-14C8-4D83-84F3-EB37F2415FDF}"
EndProject
Project("{9A19103F-16F7-4668-BE54-9A1E7A4F7556}") = "HW04.Store.Contract", "HW04\Store.Contract\HW04.Store.Contract.csproj", "{673D45D2-91EB-4DB4-B81E-D6DAD0113089}"
EndProject
Project("{9A19103F-16F7-4668-BE54-9A1E7A4F7556}") = "HW04.Store.Data", "HW04\Store.Data\HW04.Store.Data.csproj", "{D082BC9F-2D0E-4EA7-AE65-511E57D3ABAB}"
EndProject
Project("{9A19103F-16F7-4668-BE54-9A1E7A4F7556}") = "HW04.Store.Service", "HW04\Store.Service\HW04.Store.Service.csproj", "{06196300-E8AD-4EB4-B861-7450D0B24596}"
EndProject
Project("{9A19103F-16F7-4668-BE54-9A1E7A4F7556}") = "HW05.MovieManager.WebApi", "HW05\HW05.MovieManager.WebApi\HW05.MovieManager.WebApi.csproj", "{25351541-372D-4BFC-B55E-DE890EFA3884}"
EndProject
Project("{9A19103F-16F7-4668-BE54-9A1E7A4F7556}") = "HW05.MovieManager.Application", "HW05\HW05.MovieManager.Application\HW05.MovieManager.Application.csproj", "{736FC38E-0671-46F0-86DA-CA38A6DA9547}"
EndProject
Project("{9A19103F-16F7-4668-BE54-9A1E7A4F7556}") = "HW05.MovieManager.Domain", "HW05\HW05.MovieManager.Domain\HW05.MovieManager.Domain.csproj", "{1FD98217-1C58-4D1E-9A48-9795EAE447FC}"
EndProject
Project("{9A19103F-16F7-4668-BE54-9A1E7A4F7556}") = "HW05.MovieManager.Persistence", "HW05\HW05.MovieManager.Persistence\HW05.MovieManager.Persistence.csproj", "{C88159D5-B35B-49B0-BFBC-725EBAD29109}"
EndProject
Project("{9A19103F-16F7-4668-BE54-9A1E7A4F7556}") = "HW02_01", "HW02\HW02_01.csproj", "{BC0704DE-0ED2-4344-8D51-C27DFE36B1BC}"
EndProject
Project("{2150E333-8FDC-42A3-9474-1A3956D46DE8}") = "Solution Items", "Solution Items", "{3FDDD09D-2512-458B-8B14-27E224EC37B5}"
	ProjectSection(SolutionItems) = preProject
		README.md = README.md
	EndProjectSection
EndProject
Project("{2150E333-8FDC-42A3-9474-1A3956D46DE8}") = "01", "01", "{EE6C3ECB-8C90-436D-81B2-D29CC0CC72AF}"
	ProjectSection(SolutionItems) = preProject
		COURSE\LESSONS\00\01\README.md = COURSE\LESSONS\00\01\README.md
	EndProjectSection
EndProject
Project("{2150E333-8FDC-42A3-9474-1A3956D46DE8}") = "02", "02", "{8F9E6F44-6335-413A-8C2C-39054CCD5064}"
	ProjectSection(SolutionItems) = preProject
		COURSE\LESSONS\00\02\README.md = COURSE\LESSONS\00\02\README.md
	EndProjectSection
EndProject
Project("{2150E333-8FDC-42A3-9474-1A3956D46DE8}") = "03", "03", "{13612CB0-CC53-4B28-AA42-578CCF5AC64E}"
	ProjectSection(SolutionItems) = preProject
		COURSE\LESSONS\00\03\README.md = COURSE\LESSONS\00\03\README.md
	EndProjectSection
EndProject
Project("{2150E333-8FDC-42A3-9474-1A3956D46DE8}") = "04", "04", "{045DF7D7-9087-488D-A05B-8BE7EB905E54}"
	ProjectSection(SolutionItems) = preProject
		COURSE\LESSONS\00\04\README.md = COURSE\LESSONS\00\04\README.md
	EndProjectSection
EndProject
Project("{2150E333-8FDC-42A3-9474-1A3956D46DE8}") = "05", "05", "{A3A49B7D-E15C-468F-B384-DE091A9DFB87}"
	ProjectSection(SolutionItems) = preProject
		COURSE\LESSONS\00\05\README.md = COURSE\LESSONS\00\05\README.md
	EndProjectSection
EndProject
Project("{2150E333-8FDC-42A3-9474-1A3956D46DE8}") = "06", "06", "{C0E99C08-D5FC-4E40-A3BC-0332E48F3875}"
	ProjectSection(SolutionItems) = preProject
		COURSE\LESSONS\00\06\README.md = COURSE\LESSONS\00\06\README.md
	EndProjectSection
EndProject
Project("{2150E333-8FDC-42A3-9474-1A3956D46DE8}") = "07", "07", "{CF958307-F415-4434-A869-352416FB5594}"
	ProjectSection(SolutionItems) = preProject
		COURSE\LESSONS\00\07\README.md = COURSE\LESSONS\00\07\README.md
	EndProjectSection
EndProject
Project("{2150E333-8FDC-42A3-9474-1A3956D46DE8}") = "08", "08", "{53832539-B9D7-4F62-90B5-727D8929B984}"
	ProjectSection(SolutionItems) = preProject
		COURSE\LESSONS\00\08\README.md = COURSE\LESSONS\00\08\README.md
	EndProjectSection
EndProject
Project("{2150E333-8FDC-42A3-9474-1A3956D46DE8}") = "09", "09", "{CDF92DD0-2001-4BE0-812E-D0CB169BCADB}"
	ProjectSection(SolutionItems) = preProject
		COURSE\LESSONS\00\09\README.md = COURSE\LESSONS\00\09\README.md
	EndProjectSection
EndProject
Project("{2150E333-8FDC-42A3-9474-1A3956D46DE8}") = "TODO", "TODO", "{27204F9B-89BF-48C5-9E44-1B6247046EEE}"
	ProjectSection(SolutionItems) = preProject
		COURSE\TODO\README.md = COURSE\TODO\README.md
	EndProjectSection
EndProject
Project("{2150E333-8FDC-42A3-9474-1A3956D46DE8}") = "10", "10", "{77AEDE3A-006D-416E-8E9C-A9075423572F}"
	ProjectSection(SolutionItems) = preProject
		COURSE\LESSONS\10\10\README.md = COURSE\LESSONS\10\10\README.md
	EndProjectSection
EndProject
Project("{2150E333-8FDC-42A3-9474-1A3956D46DE8}") = "LESSONS", "LESSONS", "{0F2DC57C-C7B7-4D2C-B3FA-518917E9D284}"
	ProjectSection(SolutionItems) = preProject
		COURSE\LESSONS\README.md = COURSE\LESSONS\README.md
	EndProjectSection
EndProject
Project("{2150E333-8FDC-42A3-9474-1A3956D46DE8}") = "11", "11", "{B2682A73-19A4-4B20-92FC-D1DC20D03D59}"
	ProjectSection(SolutionItems) = preProject
		COURSE\LESSONS\10\11\README.md = COURSE\LESSONS\10\11\README.md
	EndProjectSection
EndProject
Project("{2150E333-8FDC-42A3-9474-1A3956D46DE8}") = "12", "12", "{DB448811-875C-437E-BA8D-AFF207FDAC92}"
	ProjectSection(SolutionItems) = preProject
		COURSE\LESSONS\10\12\README.md = COURSE\LESSONS\10\12\README.md
	EndProjectSection
EndProject
Project("{2150E333-8FDC-42A3-9474-1A3956D46DE8}") = "13", "13", "{CA4A3624-107F-4743-8522-4F134DAC0BBA}"
	ProjectSection(SolutionItems) = preProject
		COURSE\LESSONS\10\13\README.md = COURSE\LESSONS\10\13\README.md
	EndProjectSection
EndProject
Project("{2150E333-8FDC-42A3-9474-1A3956D46DE8}") = "14", "14", "{2DD7E847-B5C0-417A-8A0C-B518FBCA8E06}"
	ProjectSection(SolutionItems) = preProject
		COURSE\LESSONS\10\14\README.md = COURSE\LESSONS\10\14\README.md
	EndProjectSection
EndProject
Project("{2150E333-8FDC-42A3-9474-1A3956D46DE8}") = "15", "15", "{F4EF4747-05A2-407F-BC47-0A2B938C5715}"
	ProjectSection(SolutionItems) = preProject
		COURSE\LESSONS\10\15\README.md = COURSE\LESSONS\10\15\README.md
	EndProjectSection
EndProject
Project("{2150E333-8FDC-42A3-9474-1A3956D46DE8}") = "16", "16", "{BD536540-E7C5-4E82-B7DF-8D520275D678}"
	ProjectSection(SolutionItems) = preProject
		COURSE\LESSONS\10\16\README.md = COURSE\LESSONS\10\16\README.md
	EndProjectSection
EndProject
Project("{2150E333-8FDC-42A3-9474-1A3956D46DE8}") = "17", "17", "{44761A23-8535-4720-BC6D-5A25E6FCE054}"
	ProjectSection(SolutionItems) = preProject
		COURSE\LESSONS\10\17\README.md = COURSE\LESSONS\10\17\README.md
	EndProjectSection
EndProject
Project("{2150E333-8FDC-42A3-9474-1A3956D46DE8}") = "18", "18", "{BC68E163-FC99-48C5-8032-AEF97D7E4CC6}"
	ProjectSection(SolutionItems) = preProject
		COURSE\LESSONS\10\18\README.md = COURSE\LESSONS\10\18\README.md
	EndProjectSection
EndProject
Project("{2150E333-8FDC-42A3-9474-1A3956D46DE8}") = "19", "19", "{5DB64130-EEDD-477A-A5E2-F96503E15D2E}"
	ProjectSection(SolutionItems) = preProject
		COURSE\LESSONS\10\19\README.md = COURSE\LESSONS\10\19\README.md
	EndProjectSection
EndProject
Project("{2150E333-8FDC-42A3-9474-1A3956D46DE8}") = "20", "20", "{946CC30E-765C-40A7-BB1F-D75AD04162BB}"
	ProjectSection(SolutionItems) = preProject
		COURSE\LESSONS\20\20\README.md = COURSE\LESSONS\20\20\README.md
	EndProjectSection
EndProject
Project("{2150E333-8FDC-42A3-9474-1A3956D46DE8}") = "21", "21", "{93761FDC-0077-482A-92AD-2312C9DC57D5}"
	ProjectSection(SolutionItems) = preProject
		COURSE\LESSONS\20\21\README.md = COURSE\LESSONS\20\21\README.md
	EndProjectSection
EndProject
Project("{2150E333-8FDC-42A3-9474-1A3956D46DE8}") = "22", "22", "{8D246FBD-3DB1-4606-A931-4C0524D318CE}"
	ProjectSection(SolutionItems) = preProject
		COURSE\LESSONS\20\22\README.md = COURSE\LESSONS\20\22\README.md
	EndProjectSection
EndProject
Project("{2150E333-8FDC-42A3-9474-1A3956D46DE8}") = "23", "23", "{22CB034F-AC5A-4AF7-AE37-6F2B21CD12FD}"
	ProjectSection(SolutionItems) = preProject
		COURSE\LESSONS\20\23\README.md = COURSE\LESSONS\20\23\README.md
	EndProjectSection
EndProject
Project("{2150E333-8FDC-42A3-9474-1A3956D46DE8}") = "24", "24", "{90E3D129-F611-4C8D-8304-581BB9104E8E}"
	ProjectSection(SolutionItems) = preProject
		COURSE\LESSONS\20\24\README.md = COURSE\LESSONS\20\24\README.md
	EndProjectSection
EndProject
Project("{2150E333-8FDC-42A3-9474-1A3956D46DE8}") = "25", "25", "{80230058-A9AA-4117-B623-7D2DB5B65686}"
	ProjectSection(SolutionItems) = preProject
		COURSE\LESSONS\20\25\README.md = COURSE\LESSONS\20\25\README.md
	EndProjectSection
EndProject
Project("{2150E333-8FDC-42A3-9474-1A3956D46DE8}") = "26", "26", "{BE5487DC-0F25-46BC-80C5-6EB1CA1713F6}"
	ProjectSection(SolutionItems) = preProject
		COURSE\LESSONS\20\26\README.md = COURSE\LESSONS\20\26\README.md
	EndProjectSection
EndProject
Project("{2150E333-8FDC-42A3-9474-1A3956D46DE8}") = "27", "27", "{FE5ACFEC-B864-4FE4-959F-58A0B700E44B}"
	ProjectSection(SolutionItems) = preProject
		COURSE\LESSONS\20\27\README.md = COURSE\LESSONS\20\27\README.md
	EndProjectSection
EndProject
Project("{2150E333-8FDC-42A3-9474-1A3956D46DE8}") = "28", "28", "{B9F198C7-496D-454C-9916-20274310E381}"
	ProjectSection(SolutionItems) = preProject
		COURSE\LESSONS\20\28\README.md = COURSE\LESSONS\20\28\README.md
	EndProjectSection
EndProject
Project("{2150E333-8FDC-42A3-9474-1A3956D46DE8}") = "29", "29", "{52FE7676-7F31-4E30-94F1-0096784FD771}"
	ProjectSection(SolutionItems) = preProject
		COURSE\LESSONS\20\29\README.md = COURSE\LESSONS\20\29\README.md
	EndProjectSection
EndProject
Project("{2150E333-8FDC-42A3-9474-1A3956D46DE8}") = "30", "30", "{27AEAACA-30D8-43C9-B87A-9457C5C1209D}"
	ProjectSection(SolutionItems) = preProject
		COURSE\LESSONS\30\30\README.md = COURSE\LESSONS\30\30\README.md
	EndProjectSection
EndProject
Project("{2150E333-8FDC-42A3-9474-1A3956D46DE8}") = "31", "31", "{A636DDDA-10C0-4049-90D3-E355AD9682CE}"
	ProjectSection(SolutionItems) = preProject
		COURSE\LESSONS\30\31\README.md = COURSE\LESSONS\30\31\README.md
	EndProjectSection
EndProject
Project("{2150E333-8FDC-42A3-9474-1A3956D46DE8}") = "32", "32", "{FB2629A1-2DB9-473F-B536-E50A6B56F6EF}"
	ProjectSection(SolutionItems) = preProject
		COURSE\LESSONS\30\32\README.md = COURSE\LESSONS\30\32\README.md
	EndProjectSection
EndProject
Project("{2150E333-8FDC-42A3-9474-1A3956D46DE8}") = "NOTES", "NOTES", "{40EB4393-8A66-42F1-90D2-1F9B6074D3FC}"
	ProjectSection(SolutionItems) = preProject
		COURSE\NOTES\README.md = COURSE\NOTES\README.md
	EndProjectSection
EndProject
Project("{2150E333-8FDC-42A3-9474-1A3956D46DE8}") = "EntityFramework", "EntityFramework", "{9C306D87-F62A-4B67-B8F2-EA9A24BA102B}"
	ProjectSection(SolutionItems) = preProject
		COURSE\NOTES\EntityFramework\README.md = COURSE\NOTES\EntityFramework\README.md
	EndProjectSection
EndProject
Project("{2150E333-8FDC-42A3-9474-1A3956D46DE8}") = "THEORY", "THEORY", "{A9E52B9C-B50A-4134-801D-3AE08A0876BA}"
	ProjectSection(SolutionItems) = preProject
		COURSE\THEORY\README.md = COURSE\THEORY\README.md
	EndProjectSection
EndProject
Project("{2150E333-8FDC-42A3-9474-1A3956D46DE8}") = "AppTesting", "AppTesting", "{80E8400F-E711-4A2D-89AE-9ED9549CB02B}"
	ProjectSection(SolutionItems) = preProject
		COURSE\THEORY\AppTesting\README.md = COURSE\THEORY\AppTesting\README.md
	EndProjectSection
EndProject
Project("{2150E333-8FDC-42A3-9474-1A3956D46DE8}") = "HW09 • UnitTesting", "HW09 • UnitTesting", "{4D18971F-AE45-48FD-85A6-35FF309A7FAA}"
	ProjectSection(SolutionItems) = preProject
		HW09_UnitTesting\README.md = HW09_UnitTesting\README.md
	EndProjectSection
EndProject
Project("{9A19103F-16F7-4668-BE54-9A1E7A4F7556}") = "HW09_HW05.MovieManager.WebApi.Tests", "HW09_UnitTesting\HW09_HW05.MovieManager.WebApi.Tests\HW09_HW05.MovieManager.WebApi.Tests.csproj", "{86F64F0D-35B5-4C3D-81A4-A217A9AA7A74}"
EndProject
Project("{9A19103F-16F7-4668-BE54-9A1E7A4F7556}") = "HW09_HW05.MovieManager.Application.Tests", "HW09_UnitTesting\HW09_HW05.MovieManager.Application.Tests\HW09_HW05.MovieManager.Application.Tests.csproj", "{CD0263E5-1BE0-4F51-8E6C-3DC22B5CF17E}"
EndProject
Project("{2150E333-8FDC-42A3-9474-1A3956D46DE8}") = "Multithreading", "Multithreading", "{A621FFCA-2A6E-4569-955C-97A6912AAA9F}"
	ProjectSection(SolutionItems) = preProject
		COURSE\THEORY\Multithreading\README.md = COURSE\THEORY\Multithreading\README.md
	EndProjectSection
EndProject
Project("{2150E333-8FDC-42A3-9474-1A3956D46DE8}") = "HOMEWORKS", "HOMEWORKS", "{D0F69C5A-18D4-4DCB-9ACE-E2E27B2BBBED}"
	ProjectSection(SolutionItems) = preProject
		COURSE\HOMEWORKS\README.md = COURSE\HOMEWORKS\README.md
	EndProjectSection
EndProject
Project("{2150E333-8FDC-42A3-9474-1A3956D46DE8}") = "FINAL_PROJECT", "FINAL_PROJECT", "{61650A36-3107-4C9E-912F-F56566B5186D}"
	ProjectSection(SolutionItems) = preProject
		COURSE\FINAL_PROJECT\README.md = COURSE\FINAL_PROJECT\README.md
	EndProjectSection
EndProject
Project("{2150E333-8FDC-42A3-9474-1A3956D46DE8}") = "01", "01", "{7A643D51-A62A-46EF-A0A3-E2B826AA561E}"
	ProjectSection(SolutionItems) = preProject
		COURSE\HOMEWORKS\00\01\README.md = COURSE\HOMEWORKS\00\01\README.md
	EndProjectSection
EndProject
Project("{2150E333-8FDC-42A3-9474-1A3956D46DE8}") = "02", "02", "{D2B40371-7C27-4A1A-AF1B-46DD93BD3884}"
	ProjectSection(SolutionItems) = preProject
		COURSE\HOMEWORKS\00\02\README.md = COURSE\HOMEWORKS\00\02\README.md
	EndProjectSection
EndProject
Project("{2150E333-8FDC-42A3-9474-1A3956D46DE8}") = "03", "03", "{655834A3-B8A2-4757-8323-3D92B1C9393B}"
	ProjectSection(SolutionItems) = preProject
		COURSE\HOMEWORKS\00\03\README.md = COURSE\HOMEWORKS\00\03\README.md
	EndProjectSection
EndProject
Project("{2150E333-8FDC-42A3-9474-1A3956D46DE8}") = "04", "04", "{FB4A11E7-BABD-406D-8B52-56D4BB6D9089}"
	ProjectSection(SolutionItems) = preProject
		COURSE\HOMEWORKS\00\04\README.md = COURSE\HOMEWORKS\00\04\README.md
	EndProjectSection
EndProject
Project("{2150E333-8FDC-42A3-9474-1A3956D46DE8}") = "05", "05", "{A28CBDF5-41A5-4503-9B2A-3AF77F24B0C9}"
	ProjectSection(SolutionItems) = preProject
		COURSE\HOMEWORKS\00\05\README.md = COURSE\HOMEWORKS\00\05\README.md
	EndProjectSection
EndProject
Project("{2150E333-8FDC-42A3-9474-1A3956D46DE8}") = "06", "06", "{FC1D82B4-F914-4643-9049-EAB90E0B455B}"
	ProjectSection(SolutionItems) = preProject
		COURSE\HOMEWORKS\00\06\README.md = COURSE\HOMEWORKS\00\06\README.md
	EndProjectSection
EndProject
Project("{2150E333-8FDC-42A3-9474-1A3956D46DE8}") = "00", "00", "{4020134D-4AC8-40A6-8952-CA3B2AA84770}"
EndProject
Project("{2150E333-8FDC-42A3-9474-1A3956D46DE8}") = "10", "10", "{399FFBE8-24BB-40CC-A9F7-90B0B90D0A33}"
EndProject
Project("{2150E333-8FDC-42A3-9474-1A3956D46DE8}") = "20", "20", "{64FEC301-EF6D-45FC-855E-7E378A1C8727}"
EndProject
Project("{2150E333-8FDC-42A3-9474-1A3956D46DE8}") = "30", "30", "{70A554DA-A0D9-444D-97EA-B604D5325F38}"
EndProject
Project("{2150E333-8FDC-42A3-9474-1A3956D46DE8}") = "00", "00", "{586FA2A8-435C-4560-9D7C-917C6435B07F}"
EndProject
Project("{2150E333-8FDC-42A3-9474-1A3956D46DE8}") = "Docker", "Docker", "{D5E1CEE9-BD9C-4E0E-A866-FD56CFD10BDC}"
	ProjectSection(SolutionItems) = preProject
		COURSE\THEORY\Docker\README.md = COURSE\THEORY\Docker\README.md
	EndProjectSection
EndProject
Project("{2150E333-8FDC-42A3-9474-1A3956D46DE8}") = "Microservices", "Microservices", "{5EBDE75C-ECB6-4E57-A2FA-026321E0B185}"
	ProjectSection(SolutionItems) = preProject
		COURSE\THEORY\Microservices\README.md = COURSE\THEORY\Microservices\README.md
	EndProjectSection
EndProject
Project("{2150E333-8FDC-42A3-9474-1A3956D46DE8}") = "RabbitMQ", "RabbitMQ", "{6501A29D-8DEA-4F33-8DA8-85DFFAB106E7}"
	ProjectSection(SolutionItems) = preProject
		COURSE\THEORY\RabbitMQ\http-client.env.json = COURSE\THEORY\RabbitMQ\http-client.env.json
		COURSE\THEORY\RabbitMQ\RabbitMQ.http = COURSE\THEORY\RabbitMQ\RabbitMQ.http
		COURSE\THEORY\RabbitMQ\RabbitMQ_tutorials.md = COURSE\THEORY\RabbitMQ\RabbitMQ_tutorials.md
		COURSE\THEORY\RabbitMQ\README.md = COURSE\THEORY\RabbitMQ\README.md
	EndProjectSection
EndProject
Project("{2150E333-8FDC-42A3-9474-1A3956D46DE8}") = "EntityFramework", "EntityFramework", "{16350FEF-945B-429F-B6CF-984B701464F8}"
	ProjectSection(SolutionItems) = preProject
		COURSE\THEORY\EntityFramework\README.md = COURSE\THEORY\EntityFramework\README.md
	EndProjectSection
EndProject
Project("{2150E333-8FDC-42A3-9474-1A3956D46DE8}") = "SQL", "SQL", "{FEC01337-52A4-48A3-922E-B87898041F79}"
	ProjectSection(SolutionItems) = preProject
		COURSE\THEORY\SQL\README.md = COURSE\THEORY\SQL\README.md
	EndProjectSection
EndProject
Project("{2150E333-8FDC-42A3-9474-1A3956D46DE8}") = "HW17 • WinForms", "HW17 • WinForms", "{810A2FCB-01F5-4D16-BE1C-1FAF628C186C}"
EndProject
Project("{FAE04EC0-301F-11D3-BF4B-00C04F79EFBC}") = "HW17_Calculator", "HW17_WinForms\HW17_Calculator\HW17_Calculator.csproj", "{EEE06CEB-4FB3-4163-8329-1F58909E61A5}"
EndProject
Project("{2150E333-8FDC-42A3-9474-1A3956D46DE8}") = "07", "07", "{BD2D036E-E91E-4EAD-A292-DE3D85907AA0}"
	ProjectSection(SolutionItems) = preProject
		COURSE\HOMEWORKS\00\07\README.md = COURSE\HOMEWORKS\00\07\README.md
	EndProjectSection
EndProject
Project("{2150E333-8FDC-42A3-9474-1A3956D46DE8}") = "08", "08", "{6FB6CD96-C47C-4787-8821-C3A731D2450B}"
	ProjectSection(SolutionItems) = preProject
		COURSE\HOMEWORKS\00\08\README.md = COURSE\HOMEWORKS\00\08\README.md
	EndProjectSection
EndProject
Global
	GlobalSection(SolutionConfigurationPlatforms) = preSolution
		Debug|Any CPU = Debug|Any CPU
		Release|Any CPU = Release|Any CPU
	EndGlobalSection
	GlobalSection(ProjectConfigurationPlatforms) = postSolution
		{C33E9A77-55C5-42FB-803E-26F90E46A46A}.Debug|Any CPU.ActiveCfg = Debug|Any CPU
		{C33E9A77-55C5-42FB-803E-26F90E46A46A}.Debug|Any CPU.Build.0 = Debug|Any CPU
		{C33E9A77-55C5-42FB-803E-26F90E46A46A}.Release|Any CPU.ActiveCfg = Release|Any CPU
		{C33E9A77-55C5-42FB-803E-26F90E46A46A}.Release|Any CPU.Build.0 = Release|Any CPU
		{417E77DC-DA7F-4280-AFC6-83AF39BD0236}.Debug|Any CPU.ActiveCfg = Debug|Any CPU
		{417E77DC-DA7F-4280-AFC6-83AF39BD0236}.Debug|Any CPU.Build.0 = Debug|Any CPU
		{417E77DC-DA7F-4280-AFC6-83AF39BD0236}.Release|Any CPU.ActiveCfg = Release|Any CPU
		{417E77DC-DA7F-4280-AFC6-83AF39BD0236}.Release|Any CPU.Build.0 = Release|Any CPU
		{29F12560-E60D-441E-AF2A-C6F56F64D119}.Debug|Any CPU.ActiveCfg = Debug|Any CPU
		{29F12560-E60D-441E-AF2A-C6F56F64D119}.Debug|Any CPU.Build.0 = Debug|Any CPU
		{29F12560-E60D-441E-AF2A-C6F56F64D119}.Release|Any CPU.ActiveCfg = Release|Any CPU
		{29F12560-E60D-441E-AF2A-C6F56F64D119}.Release|Any CPU.Build.0 = Release|Any CPU
		{2ACF620A-34DB-4634-B109-616E6F8A4DE1}.Debug|Any CPU.ActiveCfg = Debug|Any CPU
		{2ACF620A-34DB-4634-B109-616E6F8A4DE1}.Debug|Any CPU.Build.0 = Debug|Any CPU
		{2ACF620A-34DB-4634-B109-616E6F8A4DE1}.Release|Any CPU.ActiveCfg = Release|Any CPU
		{2ACF620A-34DB-4634-B109-616E6F8A4DE1}.Release|Any CPU.Build.0 = Release|Any CPU
		{8E43BEA6-DF51-4CAE-8E35-2DC643905DD6}.Debug|Any CPU.ActiveCfg = Debug|Any CPU
		{8E43BEA6-DF51-4CAE-8E35-2DC643905DD6}.Debug|Any CPU.Build.0 = Debug|Any CPU
		{8E43BEA6-DF51-4CAE-8E35-2DC643905DD6}.Release|Any CPU.ActiveCfg = Release|Any CPU
		{8E43BEA6-DF51-4CAE-8E35-2DC643905DD6}.Release|Any CPU.Build.0 = Release|Any CPU
		{6546AEC4-14C8-4D83-84F3-EB37F2415FDF}.Debug|Any CPU.ActiveCfg = Debug|Any CPU
		{6546AEC4-14C8-4D83-84F3-EB37F2415FDF}.Debug|Any CPU.Build.0 = Debug|Any CPU
		{6546AEC4-14C8-4D83-84F3-EB37F2415FDF}.Release|Any CPU.ActiveCfg = Release|Any CPU
		{6546AEC4-14C8-4D83-84F3-EB37F2415FDF}.Release|Any CPU.Build.0 = Release|Any CPU
		{673D45D2-91EB-4DB4-B81E-D6DAD0113089}.Debug|Any CPU.ActiveCfg = Debug|Any CPU
		{673D45D2-91EB-4DB4-B81E-D6DAD0113089}.Debug|Any CPU.Build.0 = Debug|Any CPU
		{673D45D2-91EB-4DB4-B81E-D6DAD0113089}.Release|Any CPU.ActiveCfg = Release|Any CPU
		{673D45D2-91EB-4DB4-B81E-D6DAD0113089}.Release|Any CPU.Build.0 = Release|Any CPU
		{D082BC9F-2D0E-4EA7-AE65-511E57D3ABAB}.Debug|Any CPU.ActiveCfg = Debug|Any CPU
		{D082BC9F-2D0E-4EA7-AE65-511E57D3ABAB}.Debug|Any CPU.Build.0 = Debug|Any CPU
		{D082BC9F-2D0E-4EA7-AE65-511E57D3ABAB}.Release|Any CPU.ActiveCfg = Release|Any CPU
		{D082BC9F-2D0E-4EA7-AE65-511E57D3ABAB}.Release|Any CPU.Build.0 = Release|Any CPU
		{06196300-E8AD-4EB4-B861-7450D0B24596}.Debug|Any CPU.ActiveCfg = Debug|Any CPU
		{06196300-E8AD-4EB4-B861-7450D0B24596}.Debug|Any CPU.Build.0 = Debug|Any CPU
		{06196300-E8AD-4EB4-B861-7450D0B24596}.Release|Any CPU.ActiveCfg = Release|Any CPU
		{06196300-E8AD-4EB4-B861-7450D0B24596}.Release|Any CPU.Build.0 = Release|Any CPU
		{25351541-372D-4BFC-B55E-DE890EFA3884}.Debug|Any CPU.ActiveCfg = Debug|Any CPU
		{25351541-372D-4BFC-B55E-DE890EFA3884}.Debug|Any CPU.Build.0 = Debug|Any CPU
		{25351541-372D-4BFC-B55E-DE890EFA3884}.Release|Any CPU.ActiveCfg = Release|Any CPU
		{25351541-372D-4BFC-B55E-DE890EFA3884}.Release|Any CPU.Build.0 = Release|Any CPU
		{736FC38E-0671-46F0-86DA-CA38A6DA9547}.Debug|Any CPU.ActiveCfg = Debug|Any CPU
		{736FC38E-0671-46F0-86DA-CA38A6DA9547}.Debug|Any CPU.Build.0 = Debug|Any CPU
		{736FC38E-0671-46F0-86DA-CA38A6DA9547}.Release|Any CPU.ActiveCfg = Release|Any CPU
		{736FC38E-0671-46F0-86DA-CA38A6DA9547}.Release|Any CPU.Build.0 = Release|Any CPU
		{1FD98217-1C58-4D1E-9A48-9795EAE447FC}.Debug|Any CPU.ActiveCfg = Debug|Any CPU
		{1FD98217-1C58-4D1E-9A48-9795EAE447FC}.Debug|Any CPU.Build.0 = Debug|Any CPU
		{1FD98217-1C58-4D1E-9A48-9795EAE447FC}.Release|Any CPU.ActiveCfg = Release|Any CPU
		{1FD98217-1C58-4D1E-9A48-9795EAE447FC}.Release|Any CPU.Build.0 = Release|Any CPU
		{C88159D5-B35B-49B0-BFBC-725EBAD29109}.Debug|Any CPU.ActiveCfg = Debug|Any CPU
		{C88159D5-B35B-49B0-BFBC-725EBAD29109}.Debug|Any CPU.Build.0 = Debug|Any CPU
		{C88159D5-B35B-49B0-BFBC-725EBAD29109}.Release|Any CPU.ActiveCfg = Release|Any CPU
		{C88159D5-B35B-49B0-BFBC-725EBAD29109}.Release|Any CPU.Build.0 = Release|Any CPU
		{BC0704DE-0ED2-4344-8D51-C27DFE36B1BC}.Debug|Any CPU.ActiveCfg = Debug|Any CPU
		{BC0704DE-0ED2-4344-8D51-C27DFE36B1BC}.Debug|Any CPU.Build.0 = Debug|Any CPU
		{BC0704DE-0ED2-4344-8D51-C27DFE36B1BC}.Release|Any CPU.ActiveCfg = Release|Any CPU
		{BC0704DE-0ED2-4344-8D51-C27DFE36B1BC}.Release|Any CPU.Build.0 = Release|Any CPU
		{86F64F0D-35B5-4C3D-81A4-A217A9AA7A74}.Debug|Any CPU.ActiveCfg = Debug|Any CPU
		{86F64F0D-35B5-4C3D-81A4-A217A9AA7A74}.Debug|Any CPU.Build.0 = Debug|Any CPU
		{86F64F0D-35B5-4C3D-81A4-A217A9AA7A74}.Release|Any CPU.ActiveCfg = Release|Any CPU
		{86F64F0D-35B5-4C3D-81A4-A217A9AA7A74}.Release|Any CPU.Build.0 = Release|Any CPU
		{CD0263E5-1BE0-4F51-8E6C-3DC22B5CF17E}.Debug|Any CPU.ActiveCfg = Debug|Any CPU
		{CD0263E5-1BE0-4F51-8E6C-3DC22B5CF17E}.Debug|Any CPU.Build.0 = Debug|Any CPU
		{CD0263E5-1BE0-4F51-8E6C-3DC22B5CF17E}.Release|Any CPU.ActiveCfg = Release|Any CPU
		{CD0263E5-1BE0-4F51-8E6C-3DC22B5CF17E}.Release|Any CPU.Build.0 = Release|Any CPU
		{EEE06CEB-4FB3-4163-8329-1F58909E61A5}.Debug|Any CPU.ActiveCfg = Debug|Any CPU
		{EEE06CEB-4FB3-4163-8329-1F58909E61A5}.Debug|Any CPU.Build.0 = Debug|Any CPU
		{EEE06CEB-4FB3-4163-8329-1F58909E61A5}.Release|Any CPU.ActiveCfg = Release|Any CPU
		{EEE06CEB-4FB3-4163-8329-1F58909E61A5}.Release|Any CPU.Build.0 = Release|Any CPU
	EndGlobalSection
	GlobalSection(SolutionProperties) = preSolution
		HideSolutionNode = FALSE
	EndGlobalSection
	GlobalSection(NestedProjects) = preSolution
		{DEF0ED05-7D1E-4753-93D7-BFB2B9D4ADE6} = {437C6FE3-F3F9-47F3-9612-2A7DFF9D1D38}
		{44A4B253-2A65-4F92-B34E-DC9215C9D8E0} = {437C6FE3-F3F9-47F3-9612-2A7DFF9D1D38}
		{D6933A66-76C5-418A-9BFB-3F82619A2A83} = {437C6FE3-F3F9-47F3-9612-2A7DFF9D1D38}
		{C33E9A77-55C5-42FB-803E-26F90E46A46A} = {1B32FBB1-09C4-42C9-9C59-14F0215974C9}
		{417E77DC-DA7F-4280-AFC6-83AF39BD0236} = {1B32FBB1-09C4-42C9-9C59-14F0215974C9}
		{29F12560-E60D-441E-AF2A-C6F56F64D119} = {1B32FBB1-09C4-42C9-9C59-14F0215974C9}
		{2ACF620A-34DB-4634-B109-616E6F8A4DE1} = {1B32FBB1-09C4-42C9-9C59-14F0215974C9}
		{8E43BEA6-DF51-4CAE-8E35-2DC643905DD6} = {1B32FBB1-09C4-42C9-9C59-14F0215974C9}
		{6546AEC4-14C8-4D83-84F3-EB37F2415FDF} = {B737A107-5B44-44A6-B750-9E49A4E55856}
		{673D45D2-91EB-4DB4-B81E-D6DAD0113089} = {B737A107-5B44-44A6-B750-9E49A4E55856}
		{D082BC9F-2D0E-4EA7-AE65-511E57D3ABAB} = {B737A107-5B44-44A6-B750-9E49A4E55856}
		{06196300-E8AD-4EB4-B861-7450D0B24596} = {B737A107-5B44-44A6-B750-9E49A4E55856}
		{25351541-372D-4BFC-B55E-DE890EFA3884} = {D6933A66-76C5-418A-9BFB-3F82619A2A83}
		{736FC38E-0671-46F0-86DA-CA38A6DA9547} = {DEF0ED05-7D1E-4753-93D7-BFB2B9D4ADE6}
		{1FD98217-1C58-4D1E-9A48-9795EAE447FC} = {DEF0ED05-7D1E-4753-93D7-BFB2B9D4ADE6}
		{C88159D5-B35B-49B0-BFBC-725EBAD29109} = {44A4B253-2A65-4F92-B34E-DC9215C9D8E0}
		{BC0704DE-0ED2-4344-8D51-C27DFE36B1BC} = {1EB073E8-678D-4D21-9E5A-3F5C23A096C1}
		{EE6C3ECB-8C90-436D-81B2-D29CC0CC72AF} = {4020134D-4AC8-40A6-8952-CA3B2AA84770}
		{8F9E6F44-6335-413A-8C2C-39054CCD5064} = {4020134D-4AC8-40A6-8952-CA3B2AA84770}
		{13612CB0-CC53-4B28-AA42-578CCF5AC64E} = {4020134D-4AC8-40A6-8952-CA3B2AA84770}
		{045DF7D7-9087-488D-A05B-8BE7EB905E54} = {4020134D-4AC8-40A6-8952-CA3B2AA84770}
		{A3A49B7D-E15C-468F-B384-DE091A9DFB87} = {4020134D-4AC8-40A6-8952-CA3B2AA84770}
		{C0E99C08-D5FC-4E40-A3BC-0332E48F3875} = {4020134D-4AC8-40A6-8952-CA3B2AA84770}
		{CF958307-F415-4434-A869-352416FB5594} = {4020134D-4AC8-40A6-8952-CA3B2AA84770}
		{53832539-B9D7-4F62-90B5-727D8929B984} = {4020134D-4AC8-40A6-8952-CA3B2AA84770}
		{CDF92DD0-2001-4BE0-812E-D0CB169BCADB} = {4020134D-4AC8-40A6-8952-CA3B2AA84770}
		{27204F9B-89BF-48C5-9E44-1B6247046EEE} = {6EC63871-086F-4A3E-A920-96525AF1E073}
		{77AEDE3A-006D-416E-8E9C-A9075423572F} = {399FFBE8-24BB-40CC-A9F7-90B0B90D0A33}
		{0F2DC57C-C7B7-4D2C-B3FA-518917E9D284} = {6EC63871-086F-4A3E-A920-96525AF1E073}
		{B2682A73-19A4-4B20-92FC-D1DC20D03D59} = {399FFBE8-24BB-40CC-A9F7-90B0B90D0A33}
		{DB448811-875C-437E-BA8D-AFF207FDAC92} = {399FFBE8-24BB-40CC-A9F7-90B0B90D0A33}
		{CA4A3624-107F-4743-8522-4F134DAC0BBA} = {399FFBE8-24BB-40CC-A9F7-90B0B90D0A33}
		{2DD7E847-B5C0-417A-8A0C-B518FBCA8E06} = {399FFBE8-24BB-40CC-A9F7-90B0B90D0A33}
		{F4EF4747-05A2-407F-BC47-0A2B938C5715} = {399FFBE8-24BB-40CC-A9F7-90B0B90D0A33}
		{BD536540-E7C5-4E82-B7DF-8D520275D678} = {399FFBE8-24BB-40CC-A9F7-90B0B90D0A33}
		{44761A23-8535-4720-BC6D-5A25E6FCE054} = {399FFBE8-24BB-40CC-A9F7-90B0B90D0A33}
		{BC68E163-FC99-48C5-8032-AEF97D7E4CC6} = {399FFBE8-24BB-40CC-A9F7-90B0B90D0A33}
		{5DB64130-EEDD-477A-A5E2-F96503E15D2E} = {399FFBE8-24BB-40CC-A9F7-90B0B90D0A33}
		{946CC30E-765C-40A7-BB1F-D75AD04162BB} = {64FEC301-EF6D-45FC-855E-7E378A1C8727}
		{93761FDC-0077-482A-92AD-2312C9DC57D5} = {64FEC301-EF6D-45FC-855E-7E378A1C8727}
		{8D246FBD-3DB1-4606-A931-4C0524D318CE} = {64FEC301-EF6D-45FC-855E-7E378A1C8727}
		{22CB034F-AC5A-4AF7-AE37-6F2B21CD12FD} = {64FEC301-EF6D-45FC-855E-7E378A1C8727}
		{90E3D129-F611-4C8D-8304-581BB9104E8E} = {64FEC301-EF6D-45FC-855E-7E378A1C8727}
		{80230058-A9AA-4117-B623-7D2DB5B65686} = {64FEC301-EF6D-45FC-855E-7E378A1C8727}
		{BE5487DC-0F25-46BC-80C5-6EB1CA1713F6} = {64FEC301-EF6D-45FC-855E-7E378A1C8727}
		{FE5ACFEC-B864-4FE4-959F-58A0B700E44B} = {64FEC301-EF6D-45FC-855E-7E378A1C8727}
		{B9F198C7-496D-454C-9916-20274310E381} = {64FEC301-EF6D-45FC-855E-7E378A1C8727}
		{52FE7676-7F31-4E30-94F1-0096784FD771} = {64FEC301-EF6D-45FC-855E-7E378A1C8727}
		{27AEAACA-30D8-43C9-B87A-9457C5C1209D} = {70A554DA-A0D9-444D-97EA-B604D5325F38}
		{A636DDDA-10C0-4049-90D3-E355AD9682CE} = {70A554DA-A0D9-444D-97EA-B604D5325F38}
		{FB2629A1-2DB9-473F-B536-E50A6B56F6EF} = {70A554DA-A0D9-444D-97EA-B604D5325F38}
		{40EB4393-8A66-42F1-90D2-1F9B6074D3FC} = {6EC63871-086F-4A3E-A920-96525AF1E073}
		{9C306D87-F62A-4B67-B8F2-EA9A24BA102B} = {40EB4393-8A66-42F1-90D2-1F9B6074D3FC}
		{A9E52B9C-B50A-4134-801D-3AE08A0876BA} = {6EC63871-086F-4A3E-A920-96525AF1E073}
		{80E8400F-E711-4A2D-89AE-9ED9549CB02B} = {A9E52B9C-B50A-4134-801D-3AE08A0876BA}
		{86F64F0D-35B5-4C3D-81A4-A217A9AA7A74} = {4D18971F-AE45-48FD-85A6-35FF309A7FAA}
		{CD0263E5-1BE0-4F51-8E6C-3DC22B5CF17E} = {4D18971F-AE45-48FD-85A6-35FF309A7FAA}
		{A621FFCA-2A6E-4569-955C-97A6912AAA9F} = {A9E52B9C-B50A-4134-801D-3AE08A0876BA}
		{D0F69C5A-18D4-4DCB-9ACE-E2E27B2BBBED} = {6EC63871-086F-4A3E-A920-96525AF1E073}
		{61650A36-3107-4C9E-912F-F56566B5186D} = {6EC63871-086F-4A3E-A920-96525AF1E073}
		{7A643D51-A62A-46EF-A0A3-E2B826AA561E} = {586FA2A8-435C-4560-9D7C-917C6435B07F}
		{D2B40371-7C27-4A1A-AF1B-46DD93BD3884} = {586FA2A8-435C-4560-9D7C-917C6435B07F}
		{655834A3-B8A2-4757-8323-3D92B1C9393B} = {586FA2A8-435C-4560-9D7C-917C6435B07F}
		{FB4A11E7-BABD-406D-8B52-56D4BB6D9089} = {586FA2A8-435C-4560-9D7C-917C6435B07F}
		{A28CBDF5-41A5-4503-9B2A-3AF77F24B0C9} = {586FA2A8-435C-4560-9D7C-917C6435B07F}
		{FC1D82B4-F914-4643-9049-EAB90E0B455B} = {586FA2A8-435C-4560-9D7C-917C6435B07F}
		{4020134D-4AC8-40A6-8952-CA3B2AA84770} = {0F2DC57C-C7B7-4D2C-B3FA-518917E9D284}
		{399FFBE8-24BB-40CC-A9F7-90B0B90D0A33} = {0F2DC57C-C7B7-4D2C-B3FA-518917E9D284}
		{64FEC301-EF6D-45FC-855E-7E378A1C8727} = {0F2DC57C-C7B7-4D2C-B3FA-518917E9D284}
		{70A554DA-A0D9-444D-97EA-B604D5325F38} = {0F2DC57C-C7B7-4D2C-B3FA-518917E9D284}
		{586FA2A8-435C-4560-9D7C-917C6435B07F} = {D0F69C5A-18D4-4DCB-9ACE-E2E27B2BBBED}
		{D5E1CEE9-BD9C-4E0E-A866-FD56CFD10BDC} = {A9E52B9C-B50A-4134-801D-3AE08A0876BA}
		{5EBDE75C-ECB6-4E57-A2FA-026321E0B185} = {A9E52B9C-B50A-4134-801D-3AE08A0876BA}
		{6501A29D-8DEA-4F33-8DA8-85DFFAB106E7} = {A9E52B9C-B50A-4134-801D-3AE08A0876BA}
		{16350FEF-945B-429F-B6CF-984B701464F8} = {A9E52B9C-B50A-4134-801D-3AE08A0876BA}
		{FEC01337-52A4-48A3-922E-B87898041F79} = {A9E52B9C-B50A-4134-801D-3AE08A0876BA}
		{EEE06CEB-4FB3-4163-8329-1F58909E61A5} = {810A2FCB-01F5-4D16-BE1C-1FAF628C186C}
		{BD2D036E-E91E-4EAD-A292-DE3D85907AA0} = {586FA2A8-435C-4560-9D7C-917C6435B07F}
		{6FB6CD96-C47C-4787-8821-C3A731D2450B} = {586FA2A8-435C-4560-9D7C-917C6435B07F}
	EndGlobalSection
	GlobalSection(ExtensibilityGlobals) = postSolution
		SolutionGuid = {57CEC84A-4A6F-4CE3-9786-DA0F0F9265F8}
	EndGlobalSection
EndGlobal
